
Microsoft Visual Studio Solution File, Format Version 12.00
# Visual Studio Version 17
VisualStudioVersion = 17.1.32210.238
MinimumVisualStudioVersion = 10.0.40219.1
Project("{FAE04EC0-301F-11D3-BF4B-00C04F79EFBC}") = "ConsoleApp1", "ConsoleApp1.csproj", "{9950DAA1-1639-4B39-A24C-1F8343AA246A}"
EndProject
Global
	GlobalSection(SolutionConfigurationPlatforms) = preSolution
		Debug|Any CPU = Debug|Any CPU
		Release|Any CPU = Release|Any CPU
	EndGlobalSection
	GlobalSection(ProjectConfigurationPlatforms) = postSolution
		{9950DAA1-1639-4B39-A24C-1F8343AA246A}.Debug|Any CPU.ActiveCfg = Debug|Any CPU
		{9950DAA1-1639-4B39-A24C-1F8343AA246A}.Debug|Any CPU.Build.0 = Debug|Any CPU
		{9950DAA1-1639-4B39-A24C-1F8343AA246A}.Release|Any CPU.ActiveCfg = Release|Any CPU
		{9950DAA1-1639-4B39-A24C-1F8343AA246A}.Release|Any CPU.Build.0 = Release|Any CPU
	EndGlobalSection
	GlobalSection(SolutionProperties) = preSolution
		HideSolutionNode = FALSE
	EndGlobalSection
	GlobalSection(ExtensibilityGlobals) = postSolution
		SolutionGuid = {C42D478D-A39A-46C7-945A-7394C4D2E0ED}
	EndGlobalSection
EndGlobal
